// !$*UTF8*$!
{
	archiveVersion = 1;
	classes = {
	};
	objectVersion = 56;
	objects = {

/* Begin PBXBuildFile section */
		2D6C306D1151AD8F633DDE48 /* Pods_TangramMapDem.framework in Frameworks */ = {isa = PBXBuildFile; fileRef = 0DD03CB9BEB6886ADA0E65E4 /* Pods_TangramMapDem.framework */; };
		7A3EF4F32BA5DF7600239CB2 /* AppDelegate.swift in Sources */ = {isa = PBXBuildFile; fileRef = 7A3EF4F22BA5DF7600239CB2 /* AppDelegate.swift */; };
		7A3EF4F52BA5DF7600239CB2 /* SceneDelegate.swift in Sources */ = {isa = PBXBuildFile; fileRef = 7A3EF4F42BA5DF7600239CB2 /* SceneDelegate.swift */; };
		7A3EF4F72BA5DF7600239CB2 /* ViewController.swift in Sources */ = {isa = PBXBuildFile; fileRef = 7A3EF4F62BA5DF7600239CB2 /* ViewController.swift */; };
		7A3EF4FA2BA5DF7600239CB2 /* Main.storyboard in Resources */ = {isa = PBXBuildFile; fileRef = 7A3EF4F82BA5DF7600239CB2 /* Main.storyboard */; };
		7A3EF4FC2BA5DF7700239CB2 /* Assets.xcassets in Resources */ = {isa = PBXBuildFile; fileRef = 7A3EF4FB2BA5DF7700239CB2 /* Assets.xcassets */; };
		7A3EF4FF2BA5DF7700239CB2 /* LaunchScreen.storyboard in Resources */ = {isa = PBXBuildFile; fileRef = 7A3EF4FD2BA5DF7700239CB2 /* LaunchScreen.storyboard */; };
/* End PBXBuildFile section */

/* Begin PBXFileReference section */
		0DD03CB9BEB6886ADA0E65E4 /* Pods_TangramMapDem.framework */ = {isa = PBXFileReference; explicitFileType = wrapper.framework; includeInIndex = 0; path = Pods_TangramMapDem.framework; sourceTree = BUILT_PRODUCTS_DIR; };
		7A3EF4EF2BA5DF7600239CB2 /* TangramMapDem.app */ = {isa = PBXFileReference; explicitFileType = wrapper.application; includeInIndex = 0; path = TangramMapDem.app; sourceTree = BUILT_PRODUCTS_DIR; };
		7A3EF4F22BA5DF7600239CB2 /* AppDelegate.swift */ = {isa = PBXFileReference; lastKnownFileType = sourcecode.swift; path = AppDelegate.swift; sourceTree = "<group>"; };
		7A3EF4F42BA5DF7600239CB2 /* SceneDelegate.swift */ = {isa = PBXFileReference; lastKnownFileType = sourcecode.swift; path = SceneDelegate.swift; sourceTree = "<group>"; };
		7A3EF4F62BA5DF7600239CB2 /* ViewController.swift */ = {isa = PBXFileReference; lastKnownFileType = sourcecode.swift; path = ViewController.swift; sourceTree = "<group>"; };
		7A3EF4F92BA5DF7600239CB2 /* Base */ = {isa = PBXFileReference; lastKnownFileType = file.storyboard; name = Base; path = Base.lproj/Main.storyboard; sourceTree = "<group>"; };
		7A3EF4FB2BA5DF7700239CB2 /* Assets.xcassets */ = {isa = PBXFileReference; lastKnownFileType = folder.assetcatalog; path = Assets.xcassets; sourceTree = "<group>"; };
		7A3EF4FE2BA5DF7700239CB2 /* Base */ = {isa = PBXFileReference; lastKnownFileType = file.storyboard; name = Base; path = Base.lproj/LaunchScreen.storyboard; sourceTree = "<group>"; };
		7A3EF5002BA5DF7700239CB2 /* Info.plist */ = {isa = PBXFileReference; lastKnownFileType = text.plist.xml; path = Info.plist; sourceTree = "<group>"; };
		E30FABB3DEAB7C16D35D96F1 /* Pods-TangramMapDem.debug.xcconfig */ = {isa = PBXFileReference; includeInIndex = 1; lastKnownFileType = text.xcconfig; name = "Pods-TangramMapDem.debug.xcconfig"; path = "Target Support Files/Pods-TangramMapDem/Pods-TangramMapDem.debug.xcconfig"; sourceTree = "<group>"; };
		FEFB39E5BB641BDBBDD4F555 /* Pods-TangramMapDem.release.xcconfig */ = {isa = PBXFileReference; includeInIndex = 1; lastKnownFileType = text.xcconfig; name = "Pods-TangramMapDem.release.xcconfig"; path = "Target Support Files/Pods-TangramMapDem/Pods-TangramMapDem.release.xcconfig"; sourceTree = "<group>"; };
/* End PBXFileReference section */

/* Begin PBXFrameworksBuildPhase section */
		7A3EF4EC2BA5DF7600239CB2 /* Frameworks */ = {
			isa = PBXFrameworksBuildPhase;
			buildActionMask = 2147483647;
			files = (
				2D6C306D1151AD8F633DDE48 /* Pods_TangramMapDem.framework in Frameworks */,
			);
			runOnlyForDeploymentPostprocessing = 0;
		};
/* End PBXFrameworksBuildPhase section */

/* Begin PBXGroup section */
		7A3EF4E62BA5DF7600239CB2 = {
			isa = PBXGroup;
			children = (
				7A3EF4F12BA5DF7600239CB2 /* TangramMapDem */,
				7A3EF4F02BA5DF7600239CB2 /* Products */,
				C0AFBADAE1A794AE5C885771 /* Pods */,
				D4A3C4AC61656FD6FB757555 /* Frameworks */,
			);
			sourceTree = "<group>";
		};
		7A3EF4F02BA5DF7600239CB2 /* Products */ = {
			isa = PBXGroup;
			children = (
				7A3EF4EF2BA5DF7600239CB2 /* TangramMapDem.app */,
			);
			name = Products;
			sourceTree = "<group>";
		};
		7A3EF4F12BA5DF7600239CB2 /* TangramMapDem */ = {
			isa = PBXGroup;
			children = (
				7A3EF4F22BA5DF7600239CB2 /* AppDelegate.swift */,
				7A3EF4F42BA5DF7600239CB2 /* SceneDelegate.swift */,
				7A3EF4F62BA5DF7600239CB2 /* ViewController.swift */,
				7A3EF4F82BA5DF7600239CB2 /* Main.storyboard */,
				7A3EF4FB2BA5DF7700239CB2 /* Assets.xcassets */,
				7A3EF4FD2BA5DF7700239CB2 /* LaunchScreen.storyboard */,
				7A3EF5002BA5DF7700239CB2 /* Info.plist */,
			);
			path = TangramMapDem;
			sourceTree = "<group>";
		};
		C0AFBADAE1A794AE5C885771 /* Pods */ = {
			isa = PBXGroup;
			children = (
				E30FABB3DEAB7C16D35D96F1 /* Pods-TangramMapDem.debug.xcconfig */,
				FEFB39E5BB641BDBBDD4F555 /* Pods-TangramMapDem.release.xcconfig */,
			);
			path = Pods;
			sourceTree = "<group>";
		};
		D4A3C4AC61656FD6FB757555 /* Frameworks */ = {
			isa = PBXGroup;
			children = (
				0DD03CB9BEB6886ADA0E65E4 /* Pods_TangramMapDem.framework */,
			);
			name = Frameworks;
			sourceTree = "<group>";
		};
/* End PBXGroup section */

/* Begin PBXNativeTarget section */
		7A3EF4EE2BA5DF7600239CB2 /* TangramMapDem */ = {
			isa = PBXNativeTarget;
			buildConfigurationList = 7A3EF5032BA5DF7700239CB2 /* Build configuration list for PBXNativeTarget "TangramMapDem" */;
			buildPhases = (
				AAEA49F93EEE920AE872860E /* [CP] Check Pods Manifest.lock */,
				7A3EF4EB2BA5DF7600239CB2 /* Sources */,
				7A3EF4EC2BA5DF7600239CB2 /* Frameworks */,
				7A3EF4ED2BA5DF7600239CB2 /* Resources */,
				58545D8B030C89A04EE78AE1 /* [CP] Embed Pods Frameworks */,
			);
			buildRules = (
			);
			dependencies = (
			);
			name = TangramMapDem;
			productName = TangramMapDem;
			productReference = 7A3EF4EF2BA5DF7600239CB2 /* TangramMapDem.app */;
			productType = "com.apple.product-type.application";
		};
/* End PBXNativeTarget section */

/* Begin PBXProject section */
		7A3EF4E72BA5DF7600239CB2 /* Project object */ = {
			isa = PBXProject;
			attributes = {
				BuildIndependentTargetsInParallel = 1;
				LastSwiftUpdateCheck = 1520;
				LastUpgradeCheck = 1520;
				TargetAttributes = {
					7A3EF4EE2BA5DF7600239CB2 = {
						CreatedOnToolsVersion = 15.2;
					};
				};
			};
			buildConfigurationList = 7A3EF4EA2BA5DF7600239CB2 /* Build configuration list for PBXProject "TangramMapDem" */;
			compatibilityVersion = "Xcode 14.0";
			developmentRegion = en;
			hasScannedForEncodings = 0;
			knownRegions = (
				en,
				Base,
			);
			mainGroup = 7A3EF4E62BA5DF7600239CB2;
			productRefGroup = 7A3EF4F02BA5DF7600239CB2 /* Products */;
			projectDirPath = "";
			projectRoot = "";
			targets = (
				7A3EF4EE2BA5DF7600239CB2 /* TangramMapDem */,
			);
		};
/* End PBXProject section */

/* Begin PBXResourcesBuildPhase section */
		7A3EF4ED2BA5DF7600239CB2 /* Resources */ = {
			isa = PBXResourcesBuildPhase;
			buildActionMask = 2147483647;
			files = (
				7A3EF4FF2BA5DF7700239CB2 /* LaunchScreen.storyboard in Resources */,
				7A3EF4FC2BA5DF7700239CB2 /* Assets.xcassets in Resources */,
				7A3EF4FA2BA5DF7600239CB2 /* Main.storyboard in Resources */,
			);
			runOnlyForDeploymentPostprocessing = 0;
		};
/* End PBXResourcesBuildPhase section */

/* Begin PBXShellScriptBuildPhase section */
		58545D8B030C89A04EE78AE1 /* [CP] Embed Pods Frameworks */ = {
			isa = PBXShellScriptBuildPhase;
			buildActionMask = 2147483647;
			files = (
			);
			inputFileListPaths = (
				"${PODS_ROOT}/Target Support Files/Pods-TangramMapDem/Pods-TangramMapDem-frameworks-${CONFIGURATION}-input-files.xcfilelist",
			);
			name = "[CP] Embed Pods Frameworks";
			outputFileListPaths = (
				"${PODS_ROOT}/Target Support Files/Pods-TangramMapDem/Pods-TangramMapDem-frameworks-${CONFIGURATION}-output-files.xcfilelist",
			);
			runOnlyForDeploymentPostprocessing = 0;
			shellPath = /bin/sh;
			shellScript = "\"${PODS_ROOT}/Target Support Files/Pods-TangramMapDem/Pods-TangramMapDem-frameworks.sh\"\n";
			showEnvVarsInLog = 0;
		};
		AAEA49F93EEE920AE872860E /* [CP] Check Pods Manifest.lock */ = {
			isa = PBXShellScriptBuildPhase;
			buildActionMask = 2147483647;
			files = (
			);
			inputFileListPaths = (
			);
			inputPaths = (
				"${PODS_PODFILE_DIR_PATH}/Podfile.lock",
				"${PODS_ROOT}/Manifest.lock",
			);
			name = "[CP] Check Pods Manifest.lock";
			outputFileListPaths = (
			);
			outputPaths = (
				"$(DERIVED_FILE_DIR)/Pods-TangramMapDem-checkManifestLockResult.txt",
			);
			runOnlyForDeploymentPostprocessing = 0;
			shellPath = /bin/sh;
			shellScript = "diff \"${PODS_PODFILE_DIR_PATH}/Podfile.lock\" \"${PODS_ROOT}/Manifest.lock\" > /dev/null\nif [ $? != 0 ] ; then\n    # print error to STDERR\n    echo \"error: The sandbox is not in sync with the Podfile.lock. Run 'pod install' or update your CocoaPods installation.\" >&2\n    exit 1\nfi\n# This output is used by Xcode 'outputs' to avoid re-running this script phase.\necho \"SUCCESS\" > \"${SCRIPT_OUTPUT_FILE_0}\"\n";
			showEnvVarsInLog = 0;
		};
/* End PBXShellScriptBuildPhase section */

/* Begin PBXSourcesBuildPhase section */
		7A3EF4EB2BA5DF7600239CB2 /* Sources */ = {
			isa = PBXSourcesBuildPhase;
			buildActionMask = 2147483647;
			files = (
				7A3EF4F72BA5DF7600239CB2 /* ViewController.swift in Sources */,
				7A3EF4F32BA5DF7600239CB2 /* AppDelegate.swift in Sources */,
				7A3EF4F52BA5DF7600239CB2 /* SceneDelegate.swift in Sources */,
			);
			runOnlyForDeploymentPostprocessing = 0;
		};
/* End PBXSourcesBuildPhase section */

/* Begin PBXVariantGroup section */
		7A3EF4F82BA5DF7600239CB2 /* Main.storyboard */ = {
			isa = PBXVariantGroup;
			children = (
				7A3EF4F92BA5DF7600239CB2 /* Base */,
			);
			name = Main.storyboard;
			sourceTree = "<group>";
		};
		7A3EF4FD2BA5DF7700239CB2 /* LaunchScreen.storyboard */ = {
			isa = PBXVariantGroup;
			children = (
				7A3EF4FE2BA5DF7700239CB2 /* Base */,
			);
			name = LaunchScreen.storyboard;
			sourceTree = "<group>";
		};
/* End PBXVariantGroup section */

/* Begin XCBuildConfiguration section */
		7A3EF5012BA5DF7700239CB2 /* Debug */ = {
			isa = XCBuildConfiguration;
			buildSettings = {
				ALWAYS_SEARCH_USER_PATHS = NO;
				ASSETCATALOG_COMPILER_GENERATE_SWIFT_ASSET_SYMBOL_EXTENSIONS = YES;
				CLANG_ANALYZER_NONNULL = YES;
				CLANG_ANALYZER_NUMBER_OBJECT_CONVERSION = YES_AGGRESSIVE;
				CLANG_CXX_LANGUAGE_STANDARD = "gnu++20";
				CLANG_ENABLE_MODULES = YES;
				CLANG_ENABLE_OBJC_ARC = YES;
				CLANG_ENABLE_OBJC_WEAK = YES;
				CLANG_WARN_BLOCK_CAPTURE_AUTORELEASING = YES;
				CLANG_WARN_BOOL_CONVERSION = YES;
				CLANG_WARN_COMMA = YES;
				CLANG_WARN_CONSTANT_CONVERSION = YES;
				CLANG_WARN_DEPRECATED_OBJC_IMPLEMENTATIONS = YES;
				CLANG_WARN_DIRECT_OBJC_ISA_USAGE = YES_ERROR;
				CLANG_WARN_DOCUMENTATION_COMMENTS = YES;
				CLANG_WARN_EMPTY_BODY = YES;
				CLANG_WARN_ENUM_CONVERSION = YES;
				CLANG_WARN_INFINITE_RECURSION = YES;
				CLANG_WARN_INT_CONVERSION = YES;
				CLANG_WARN_NON_LITERAL_NULL_CONVERSION = YES;
				CLANG_WARN_OBJC_IMPLICIT_RETAIN_SELF = YES;
				CLANG_WARN_OBJC_LITERAL_CONVERSION = YES;
				CLANG_WARN_OBJC_ROOT_CLASS = YES_ERROR;
				CLANG_WARN_QUOTED_INCLUDE_IN_FRAMEWORK_HEADER = YES;
				CLANG_WARN_RANGE_LOOP_ANALYSIS = YES;
				CLANG_WARN_STRICT_PROTOTYPES = YES;
				CLANG_WARN_SUSPICIOUS_MOVE = YES;
				CLANG_WARN_UNGUARDED_AVAILABILITY = YES_AGGRESSIVE;
				CLANG_WARN_UNREACHABLE_CODE = YES;
				CLANG_WARN__DUPLICATE_METHOD_MATCH = YES;
				COPY_PHASE_STRIP = NO;
				DEBUG_INFORMATION_FORMAT = dwarf;
				ENABLE_STRICT_OBJC_MSGSEND = YES;
				ENABLE_TESTABILITY = YES;
				ENABLE_USER_SCRIPT_SANDBOXING = YES;
				GCC_C_LANGUAGE_STANDARD = gnu17;
				GCC_DYNAMIC_NO_PIC = NO;
				GCC_NO_COMMON_BLOCKS = YES;
				GCC_OPTIMIZATION_LEVEL = 0;
				GCC_PREPROCESSOR_DEFINITIONS = (
					"DEBUG=1",
					"$(inherited)",
				);
				GCC_WARN_64_TO_32_BIT_CONVERSION = YES;
				GCC_WARN_ABOUT_RETURN_TYPE = YES_ERROR;
				GCC_WARN_UNDECLARED_SELECTOR = YES;
				GCC_WARN_UNINITIALIZED_AUTOS = YES_AGGRESSIVE;
				GCC_WARN_UNUSED_FUNCTION = YES;
				GCC_WARN_UNUSED_VARIABLE = YES;
				IPHONEOS_DEPLOYMENT_TARGET = 17.2;
				LOCALIZATION_PREFERS_STRING_CATALOGS = YES;
				MTL_ENABLE_DEBUG_INFO = INCLUDE_SOURCE;
				MTL_FAST_MATH = YES;
				ONLY_ACTIVE_ARCH = YES;
				SDKROOT = iphoneos;
				SWIFT_ACTIVE_COMPILATION_CONDITIONS = "DEBUG $(inherited)";
				SWIFT_OPTIMIZATION_LEVEL = "-Onone";
			};
			name = Debug;
		};
		7A3EF5022BA5DF7700239CB2 /* Release */ = {
			isa = XCBuildConfiguration;
			buildSettings = {
				ALWAYS_SEARCH_USER_PATHS = NO;
				ASSETCATALOG_COMPILER_GENERATE_SWIFT_ASSET_SYMBOL_EXTENSIONS = YES;
				CLANG_ANALYZER_NONNULL = YES;
				CLANG_ANALYZER_NUMBER_OBJECT_CONVERSION = YES_AGGRESSIVE;
				CLANG_CXX_LANGUAGE_STANDARD = "gnu++20";
				CLANG_ENABLE_MODULES = YES;
				CLANG_ENABLE_OBJC_ARC = YES;
				CLANG_ENABLE_OBJC_WEAK = YES;
				CLANG_WARN_BLOCK_CAPTURE_AUTORELEASING = YES;
				CLANG_WARN_BOOL_CONVERSION = YES;
				CLANG_WARN_COMMA = YES;
				CLANG_WARN_CONSTANT_CONVERSION = YES;
				CLANG_WARN_DEPRECATED_OBJC_IMPLEMENTATIONS = YES;
				CLANG_WARN_DIRECT_OBJC_ISA_USAGE = YES_ERROR;
				CLANG_WARN_DOCUMENTATION_COMMENTS = YES;
				CLANG_WARN_EMPTY_BODY = YES;
				CLANG_WARN_ENUM_CONVERSION = YES;
				CLANG_WARN_INFINITE_RECURSION = YES;
				CLANG_WARN_INT_CONVERSION = YES;
				CLANG_WARN_NON_LITERAL_NULL_CONVERSION = YES;
				CLANG_WARN_OBJC_IMPLICIT_RETAIN_SELF = YES;
				CLANG_WARN_OBJC_LITERAL_CONVERSION = YES;
				CLANG_WARN_OBJC_ROOT_CLASS = YES_ERROR;
				CLANG_WARN_QUOTED_INCLUDE_IN_FRAMEWORK_HEADER = YES;
				CLANG_WARN_RANGE_LOOP_ANALYSIS = YES;
				CLANG_WARN_STRICT_PROTOTYPES = YES;
				CLANG_WARN_SUSPICIOUS_MOVE = YES;
				CLANG_WARN_UNGUARDED_AVAILABILITY = YES_AGGRESSIVE;
				CLANG_WARN_UNREACHABLE_CODE = YES;
				CLANG_WARN__DUPLICATE_METHOD_MATCH = YES;
				COPY_PHASE_STRIP = NO;
				DEBUG_INFORMATION_FORMAT = "dwarf-with-dsym";
				ENABLE_NS_ASSERTIONS = NO;
				ENABLE_STRICT_OBJC_MSGSEND = YES;
				ENABLE_USER_SCRIPT_SANDBOXING = YES;
				GCC_C_LANGUAGE_STANDARD = gnu17;
				GCC_NO_COMMON_BLOCKS = YES;
				GCC_WARN_64_TO_32_BIT_CONVERSION = YES;
				GCC_WARN_ABOUT_RETURN_TYPE = YES_ERROR;
				GCC_WARN_UNDECLARED_SELECTOR = YES;
				GCC_WARN_UNINITIALIZED_AUTOS = YES_AGGRESSIVE;
				GCC_WARN_UNUSED_FUNCTION = YES;
				GCC_WARN_UNUSED_VARIABLE = YES;
				IPHONEOS_DEPLOYMENT_TARGET = 17.2;
				LOCALIZATION_PREFERS_STRING_CATALOGS = YES;
				MTL_ENABLE_DEBUG_INFO = NO;
				MTL_FAST_MATH = YES;
				SDKROOT = iphoneos;
				SWIFT_COMPILATION_MODE = wholemodule;
				VALIDATE_PRODUCT = YES;
			};
			name = Release;
		};
		7A3EF5042BA5DF7700239CB2 /* Debug */ = {
			isa = XCBuildConfiguration;
			baseConfigurationReference = E30FABB3DEAB7C16D35D96F1 /* Pods-TangramMapDem.debug.xcconfig */;
			buildSettings = {
				ASSETCATALOG_COMPILER_APPICON_NAME = AppIcon;
				ASSETCATALOG_COMPILER_GLOBAL_ACCENT_COLOR_NAME = AccentColor;
				CODE_SIGN_STYLE = Automatic;
				CURRENT_PROJECT_VERSION = 1;
				DEVELOPMENT_TEAM = RUN39RF2RH;
				ENABLE_USER_SCRIPT_SANDBOXING = NO;
				GENERATE_INFOPLIST_FILE = YES;
				INFOPLIST_FILE = TangramMapDem/Info.plist;
				INFOPLIST_KEY_UIApplicationSupportsIndirectInputEvents = YES;
				INFOPLIST_KEY_UILaunchStoryboardName = LaunchScreen;
				INFOPLIST_KEY_UIMainStoryboardFile = Main;
				INFOPLIST_KEY_UISupportedInterfaceOrientations_iPad = "UIInterfaceOrientationPortrait UIInterfaceOrientationPortraitUpsideDown UIInterfaceOrientationLandscapeLeft UIInterfaceOrientationLandscapeRight";
				INFOPLIST_KEY_UISupportedInterfaceOrientations_iPhone = "UIInterfaceOrientationPortrait UIInterfaceOrientationLandscapeLeft UIInterfaceOrientationLandscapeRight";
				LD_RUNPATH_SEARCH_PATHS = (
					"$(inherited)",
					"@executable_path/Frameworks",
				);
				MARKETING_VERSION = 1.0;
				PRODUCT_BUNDLE_IDENTIFIER = Com.ananth.TangramMapDem;
				PRODUCT_NAME = "$(TARGET_NAME)";
				SWIFT_EMIT_LOC_STRINGS = YES;
				SWIFT_VERSION = 5.0;
				TARGETED_DEVICE_FAMILY = "1,2";
			};
			name = Debug;
		};
		7A3EF5052BA5DF7700239CB2 /* Release */ = {
			isa = XCBuildConfiguration;
			baseConfigurationReference = FEFB39E5BB641BDBBDD4F555 /* Pods-TangramMapDem.release.xcconfig */;
			buildSettings = {
				ASSETCATALOG_COMPILER_APPICON_NAME = AppIcon;
				ASSETCATALOG_COMPILER_GLOBAL_ACCENT_COLOR_NAME = AccentColor;
				CODE_SIGN_STYLE = Automatic;
				CURRENT_PROJECT_VERSION = 1;
				DEVELOPMENT_TEAM = RUN39RF2RH;
				ENABLE_USER_SCRIPT_SANDBOXING = NO;
				GENERATE_INFOPLIST_FILE = YES;
				INFOPLIST_FILE = TangramMapDem/Info.plist;
				INFOPLIST_KEY_UIApplicationSupportsIndirectInputEvents = YES;
				INFOPLIST_KEY_UILaunchStoryboardName = LaunchScreen;
				INFOPLIST_KEY_UIMainStoryboardFile = Main;
				INFOPLIST_KEY_UISupportedInterfaceOrientations_iPad = "UIInterfaceOrientationPortrait UIInterfaceOrientationPortraitUpsideDown UIInterfaceOrientationLandscapeLeft UIInterfaceOrientationLandscapeRight";
				INFOPLIST_KEY_UISupportedInterfaceOrientations_iPhone = "UIInterfaceOrientationPortrait UIInterfaceOrientationLandscapeLeft UIInterfaceOrientationLandscapeRight";
				LD_RUNPATH_SEARCH_PATHS = (
					"$(inherited)",
					"@executable_path/Frameworks",
				);
				MARKETING_VERSION = 1.0;
				PRODUCT_BUNDLE_IDENTIFIER = Com.ananth.TangramMapDem;
				PRODUCT_NAME = "$(TARGET_NAME)";
				SWIFT_EMIT_LOC_STRINGS = YES;
				SWIFT_VERSION = 5.0;
				TARGETED_DEVICE_FAMILY = "1,2";
			};
			name = Release;
		};
/* End XCBuildConfiguration section */

/* Begin XCConfigurationList section */
		7A3EF4EA2BA5DF7600239CB2 /* Build configuration list for PBXProject "TangramMapDem" */ = {
			isa = XCConfigurationList;
			buildConfigurations = (
				7A3EF5012BA5DF7700239CB2 /* Debug */,
				7A3EF5022BA5DF7700239CB2 /* Release */,
			);
			defaultConfigurationIsVisible = 0;
			defaultConfigurationName = Release;
		};
		7A3EF5032BA5DF7700239CB2 /* Build configuration list for PBXNativeTarget "TangramMapDem" */ = {
			isa = XCConfigurationList;
			buildConfigurations = (
				7A3EF5042BA5DF7700239CB2 /* Debug */,
				7A3EF5052BA5DF7700239CB2 /* Release */,
			);
			defaultConfigurationIsVisible = 0;
			defaultConfigurationName = Release;
		};
/* End XCConfigurationList section */
	};
	rootObject = 7A3EF4E72BA5DF7600239CB2 /* Project object */;
}
